// !$*UTF8*$!
{
	archiveVersion = 1;
	classes = {
	};
	objectVersion = 60;
	objects = {

/* Begin PBXBuildFile section */
		E95DFCFA2C62B799007BC2CA /* ListView.swift in Sources */ = {isa = PBXBuildFile; fileRef = E95DFCF92C62B799007BC2CA /* ListView.swift */; };
		E95DFCFC2C62B79F007BC2CA /* ListViewModel.swift in Sources */ = {isa = PBXBuildFile; fileRef = E95DFCFB2C62B79D007BC2CA /* ListViewModel.swift */; };
		E95DFCFF2C62C0DE007BC2CA /* WiggleAnimationView.swift in Sources */ = {isa = PBXBuildFile; fileRef = E95DFCFE2C62C0DE007BC2CA /* WiggleAnimationView.swift */; };
		E95DFD012C62C0E6007BC2CA /* WiggleAnimationViewModel.swift in Sources */ = {isa = PBXBuildFile; fileRef = E95DFD002C62C0E6007BC2CA /* WiggleAnimationViewModel.swift */; };
		E95DFD032C62C5AA007BC2CA /* AnimationModel.swift in Sources */ = {isa = PBXBuildFile; fileRef = E95DFD022C62C5A6007BC2CA /* AnimationModel.swift */; };
		E95DFD082C656372007BC2CA /* ReplaceAnimationView.swift in Sources */ = {isa = PBXBuildFile; fileRef = E95DFD072C656372007BC2CA /* ReplaceAnimationView.swift */; };
		E95DFD0A2C65637E007BC2CA /* ReplaceAnimationViewModel.swift in Sources */ = {isa = PBXBuildFile; fileRef = E95DFD092C656378007BC2CA /* ReplaceAnimationViewModel.swift */; };
		E95DFD0C2C66B0E3007BC2CA /* RotateAnimationViewModel.swift in Sources */ = {isa = PBXBuildFile; fileRef = E95DFD0B2C66B0D7007BC2CA /* RotateAnimationViewModel.swift */; };
		E95DFD0E2C66B0FC007BC2CA /* RotateAnimationView.swift in Sources */ = {isa = PBXBuildFile; fileRef = E95DFD0D2C66B0FC007BC2CA /* RotateAnimationView.swift */; };
		E95DFD102C66B13E007BC2CA /* BreatheAnimationView.swift in Sources */ = {isa = PBXBuildFile; fileRef = E95DFD0F2C66B13E007BC2CA /* BreatheAnimationView.swift */; };
		E95DFD122C66B148007BC2CA /* BreatheAnimationViewModel.swift in Sources */ = {isa = PBXBuildFile; fileRef = E95DFD112C66B144007BC2CA /* BreatheAnimationViewModel.swift */; };
		E9FA94102C5EC89F00E9F5BD /* SwiftUISFSymbolsApp.swift in Sources */ = {isa = PBXBuildFile; fileRef = E9FA940F2C5EC89F00E9F5BD /* SwiftUISFSymbolsApp.swift */; };
		E9FA94142C5EC8A100E9F5BD /* Assets.xcassets in Resources */ = {isa = PBXBuildFile; fileRef = E9FA94132C5EC8A100E9F5BD /* Assets.xcassets */; };
		E9FA94172C5EC8A100E9F5BD /* Preview Assets.xcassets in Resources */ = {isa = PBXBuildFile; fileRef = E9FA94162C5EC8A100E9F5BD /* Preview Assets.xcassets */; };
		E9FDA5D82C69696200BEB6FB /* StartPosition.swift in Sources */ = {isa = PBXBuildFile; fileRef = E9FDA5D72C69696200BEB6FB /* StartPosition.swift */; };
		E9FDA5DA2C69696900BEB6FB /* MotionGroup.swift in Sources */ = {isa = PBXBuildFile; fileRef = E9FDA5D92C69696900BEB6FB /* MotionGroup.swift */; };
		E9FDA5DC2C69697600BEB6FB /* AnimationConfiguration.swift in Sources */ = {isa = PBXBuildFile; fileRef = E9FDA5DB2C69697600BEB6FB /* AnimationConfiguration.swift */; };
/* End PBXBuildFile section */

/* Begin PBXFileReference section */
		E95DFCF92C62B799007BC2CA /* ListView.swift */ = {isa = PBXFileReference; lastKnownFileType = sourcecode.swift; path = ListView.swift; sourceTree = "<group>"; };
		E95DFCFB2C62B79D007BC2CA /* ListViewModel.swift */ = {isa = PBXFileReference; lastKnownFileType = sourcecode.swift; path = ListViewModel.swift; sourceTree = "<group>"; };
		E95DFCFE2C62C0DE007BC2CA /* WiggleAnimationView.swift */ = {isa = PBXFileReference; lastKnownFileType = sourcecode.swift; path = WiggleAnimationView.swift; sourceTree = "<group>"; };
		E95DFD002C62C0E6007BC2CA /* WiggleAnimationViewModel.swift */ = {isa = PBXFileReference; lastKnownFileType = sourcecode.swift; path = WiggleAnimationViewModel.swift; sourceTree = "<group>"; };
		E95DFD022C62C5A6007BC2CA /* AnimationModel.swift */ = {isa = PBXFileReference; lastKnownFileType = sourcecode.swift; path = AnimationModel.swift; sourceTree = "<group>"; };
		E95DFD072C656372007BC2CA /* ReplaceAnimationView.swift */ = {isa = PBXFileReference; lastKnownFileType = sourcecode.swift; path = ReplaceAnimationView.swift; sourceTree = "<group>"; };
		E95DFD092C656378007BC2CA /* ReplaceAnimationViewModel.swift */ = {isa = PBXFileReference; lastKnownFileType = sourcecode.swift; path = ReplaceAnimationViewModel.swift; sourceTree = "<group>"; };
		E95DFD0B2C66B0D7007BC2CA /* RotateAnimationViewModel.swift */ = {isa = PBXFileReference; lastKnownFileType = sourcecode.swift; path = RotateAnimationViewModel.swift; sourceTree = "<group>"; };
		E95DFD0D2C66B0FC007BC2CA /* RotateAnimationView.swift */ = {isa = PBXFileReference; lastKnownFileType = sourcecode.swift; path = RotateAnimationView.swift; sourceTree = "<group>"; };
		E95DFD0F2C66B13E007BC2CA /* BreatheAnimationView.swift */ = {isa = PBXFileReference; lastKnownFileType = sourcecode.swift; path = BreatheAnimationView.swift; sourceTree = "<group>"; };
		E95DFD112C66B144007BC2CA /* BreatheAnimationViewModel.swift */ = {isa = PBXFileReference; lastKnownFileType = sourcecode.swift; path = BreatheAnimationViewModel.swift; sourceTree = "<group>"; };
		E9FA940C2C5EC89F00E9F5BD /* SwiftUISFSymbols.app */ = {isa = PBXFileReference; explicitFileType = wrapper.application; includeInIndex = 0; path = SwiftUISFSymbols.app; sourceTree = BUILT_PRODUCTS_DIR; };
		E9FA940F2C5EC89F00E9F5BD /* SwiftUISFSymbolsApp.swift */ = {isa = PBXFileReference; lastKnownFileType = sourcecode.swift; path = SwiftUISFSymbolsApp.swift; sourceTree = "<group>"; };
		E9FA94132C5EC8A100E9F5BD /* Assets.xcassets */ = {isa = PBXFileReference; lastKnownFileType = folder.assetcatalog; path = Assets.xcassets; sourceTree = "<group>"; };
		E9FA94162C5EC8A100E9F5BD /* Preview Assets.xcassets */ = {isa = PBXFileReference; lastKnownFileType = folder.assetcatalog; path = "Preview Assets.xcassets"; sourceTree = "<group>"; };
		E9FDA5D72C69696200BEB6FB /* StartPosition.swift */ = {isa = PBXFileReference; lastKnownFileType = sourcecode.swift; path = StartPosition.swift; sourceTree = "<group>"; };
		E9FDA5D92C69696900BEB6FB /* MotionGroup.swift */ = {isa = PBXFileReference; lastKnownFileType = sourcecode.swift; path = MotionGroup.swift; sourceTree = "<group>"; };
		E9FDA5DB2C69697600BEB6FB /* AnimationConfiguration.swift */ = {isa = PBXFileReference; lastKnownFileType = sourcecode.swift; path = AnimationConfiguration.swift; sourceTree = "<group>"; };
/* End PBXFileReference section */

/* Begin PBXFrameworksBuildPhase section */
		E9FA94092C5EC89F00E9F5BD /* Frameworks */ = {
			isa = PBXFrameworksBuildPhase;
			buildActionMask = 2147483647;
			files = (
			);
			runOnlyForDeploymentPostprocessing = 0;
		};
/* End PBXFrameworksBuildPhase section */

/* Begin PBXGroup section */
		E95DFCF42C62B767007BC2CA /* View */ = {
			isa = PBXGroup;
			children = (
				E95DFD062C65635E007BC2CA /* Replace */,
				E95DFD052C656358007BC2CA /* Breathe */,
				E95DFD042C656353007BC2CA /* Rotate */,
				E95DFCFD2C62C0CD007BC2CA /* Wiggle */,
				E95DFCF82C62B78D007BC2CA /* List */,
			);
			path = View;
			sourceTree = "<group>";
		};
		E95DFCF82C62B78D007BC2CA /* List */ = {
			isa = PBXGroup;
			children = (
				E95DFD022C62C5A6007BC2CA /* AnimationModel.swift */,
				E95DFCFB2C62B79D007BC2CA /* ListViewModel.swift */,
				E95DFCF92C62B799007BC2CA /* ListView.swift */,
			);
			path = List;
			sourceTree = "<group>";
		};
		E95DFCFD2C62C0CD007BC2CA /* Wiggle */ = {
			isa = PBXGroup;
			children = (
				E9FDA5DB2C69697600BEB6FB /* AnimationConfiguration.swift */,
				E95DFCFE2C62C0DE007BC2CA /* WiggleAnimationView.swift */,
				E95DFD002C62C0E6007BC2CA /* WiggleAnimationViewModel.swift */,
			);
			path = Wiggle;
			sourceTree = "<group>";
		};
		E95DFD042C656353007BC2CA /* Rotate */ = {
			isa = PBXGroup;
			children = (
				E95DFD0B2C66B0D7007BC2CA /* RotateAnimationViewModel.swift */,
				E95DFD0D2C66B0FC007BC2CA /* RotateAnimationView.swift */,
			);
			path = Rotate;
			sourceTree = "<group>";
		};
		E95DFD052C656358007BC2CA /* Breathe */ = {
			isa = PBXGroup;
			children = (
				E95DFD112C66B144007BC2CA /* BreatheAnimationViewModel.swift */,
				E95DFD0F2C66B13E007BC2CA /* BreatheAnimationView.swift */,
			);
			path = Breathe;
			sourceTree = "<group>";
		};
		E95DFD062C65635E007BC2CA /* Replace */ = {
			isa = PBXGroup;
			children = (
				E95DFD092C656378007BC2CA /* ReplaceAnimationViewModel.swift */,
				E95DFD072C656372007BC2CA /* ReplaceAnimationView.swift */,
			);
			path = Replace;
			sourceTree = "<group>";
		};
		E9FA94032C5EC89F00E9F5BD = {
			isa = PBXGroup;
			children = (
				E9FA940E2C5EC89F00E9F5BD /* SwiftUISFSymbols */,
				E9FA940D2C5EC89F00E9F5BD /* Products */,
			);
			sourceTree = "<group>";
		};
		E9FA940D2C5EC89F00E9F5BD /* Products */ = {
			isa = PBXGroup;
			children = (
				E9FA940C2C5EC89F00E9F5BD /* SwiftUISFSymbols.app */,
			);
			name = Products;
			sourceTree = "<group>";
		};
		E9FA940E2C5EC89F00E9F5BD /* SwiftUISFSymbols */ = {
			isa = PBXGroup;
			children = (
				E9FDA5D42C69693900BEB6FB /* Enum */,
				E95DFCF42C62B767007BC2CA /* View */,
				E9FA940F2C5EC89F00E9F5BD /* SwiftUISFSymbolsApp.swift */,
				E9FA94132C5EC8A100E9F5BD /* Assets.xcassets */,
				E9FA94152C5EC8A100E9F5BD /* Preview Content */,
			);
			path = SwiftUISFSymbols;
			sourceTree = "<group>";
		};
		E9FA94152C5EC8A100E9F5BD /* Preview Content */ = {
			isa = PBXGroup;
			children = (
				E9FA94162C5EC8A100E9F5BD /* Preview Assets.xcassets */,
			);
			path = "Preview Content";
			sourceTree = "<group>";
		};
		E9FDA5D42C69693900BEB6FB /* Enum */ = {
			isa = PBXGroup;
			children = (
				E9FDA5D92C69696900BEB6FB /* MotionGroup.swift */,
				E9FDA5D72C69696200BEB6FB /* StartPosition.swift */,
			);
			path = Enum;
			sourceTree = "<group>";
		};
/* End PBXGroup section */

/* Begin PBXNativeTarget section */
		E9FA940B2C5EC89F00E9F5BD /* SwiftUISFSymbols */ = {
			isa = PBXNativeTarget;
			buildConfigurationList = E9FA941A2C5EC8A100E9F5BD /* Build configuration list for PBXNativeTarget "SwiftUISFSymbols" */;
			buildPhases = (
				E9FA94082C5EC89F00E9F5BD /* Sources */,
				E9FA94092C5EC89F00E9F5BD /* Frameworks */,
				E9FA940A2C5EC89F00E9F5BD /* Resources */,
			);
			buildRules = (
			);
			dependencies = (
			);
			name = SwiftUISFSymbols;
			productName = SwiftUISFSymbols;
			productReference = E9FA940C2C5EC89F00E9F5BD /* SwiftUISFSymbols.app */;
			productType = "com.apple.product-type.application";
		};
/* End PBXNativeTarget section */

/* Begin PBXProject section */
		E9FA94042C5EC89F00E9F5BD /* Project object */ = {
			isa = PBXProject;
			attributes = {
				BuildIndependentTargetsInParallel = 1;
				LastSwiftUpdateCheck = 1600;
				LastUpgradeCheck = 1600;
				TargetAttributes = {
					E9FA940B2C5EC89F00E9F5BD = {
						CreatedOnToolsVersion = 16.0;
					};
				};
			};
			buildConfigurationList = E9FA94072C5EC89F00E9F5BD /* Build configuration list for PBXProject "SwiftUISFSymbols" */;
			compatibilityVersion = "Xcode 15.0";
			developmentRegion = en;
			hasScannedForEncodings = 0;
			knownRegions = (
				en,
				Base,
			);
			mainGroup = E9FA94032C5EC89F00E9F5BD;
			productRefGroup = E9FA940D2C5EC89F00E9F5BD /* Products */;
			projectDirPath = "";
			projectRoot = "";
			targets = (
				E9FA940B2C5EC89F00E9F5BD /* SwiftUISFSymbols */,
			);
		};
/* End PBXProject section */

/* Begin PBXResourcesBuildPhase section */
		E9FA940A2C5EC89F00E9F5BD /* Resources */ = {
			isa = PBXResourcesBuildPhase;
			buildActionMask = 2147483647;
			files = (
				E9FA94172C5EC8A100E9F5BD /* Preview Assets.xcassets in Resources */,
				E9FA94142C5EC8A100E9F5BD /* Assets.xcassets in Resources */,
			);
			runOnlyForDeploymentPostprocessing = 0;
		};
/* End PBXResourcesBuildPhase section */

/* Begin PBXSourcesBuildPhase section */
		E9FA94082C5EC89F00E9F5BD /* Sources */ = {
			isa = PBXSourcesBuildPhase;
			buildActionMask = 2147483647;
			files = (
				E9FA94102C5EC89F00E9F5BD /* SwiftUISFSymbolsApp.swift in Sources */,
				E9FDA5D82C69696200BEB6FB /* StartPosition.swift in Sources */,
				E95DFD012C62C0E6007BC2CA /* WiggleAnimationViewModel.swift in Sources */,
				E95DFD0A2C65637E007BC2CA /* ReplaceAnimationViewModel.swift in Sources */,
				E95DFD082C656372007BC2CA /* ReplaceAnimationView.swift in Sources */,
				E95DFCFC2C62B79F007BC2CA /* ListViewModel.swift in Sources */,
				E95DFD102C66B13E007BC2CA /* BreatheAnimationView.swift in Sources */,
				E95DFCFF2C62C0DE007BC2CA /* WiggleAnimationView.swift in Sources */,
				E95DFD0E2C66B0FC007BC2CA /* RotateAnimationView.swift in Sources */,
				E9FDA5DA2C69696900BEB6FB /* MotionGroup.swift in Sources */,
				E9FDA5DC2C69697600BEB6FB /* AnimationConfiguration.swift in Sources */,
				E95DFD032C62C5AA007BC2CA /* AnimationModel.swift in Sources */,
				E95DFD122C66B148007BC2CA /* BreatheAnimationViewModel.swift in Sources */,
				E95DFD0C2C66B0E3007BC2CA /* RotateAnimationViewModel.swift in Sources */,
				E95DFCFA2C62B799007BC2CA /* ListView.swift in Sources */,
			);
			runOnlyForDeploymentPostprocessing = 0;
		};
/* End PBXSourcesBuildPhase section */

/* Begin XCBuildConfiguration section */
		E9FA94182C5EC8A100E9F5BD /* Debug */ = {
			isa = XCBuildConfiguration;
			buildSettings = {
				ALWAYS_SEARCH_USER_PATHS = NO;
				ASSETCATALOG_COMPILER_GENERATE_SWIFT_ASSET_SYMBOL_EXTENSIONS = YES;
				CLANG_ANALYZER_NONNULL = YES;
				CLANG_ANALYZER_NUMBER_OBJECT_CONVERSION = YES_AGGRESSIVE;
				CLANG_CXX_LANGUAGE_STANDARD = "gnu++20";
				CLANG_ENABLE_MODULES = YES;
				CLANG_ENABLE_OBJC_ARC = YES;
				CLANG_ENABLE_OBJC_WEAK = YES;
				CLANG_WARN_BLOCK_CAPTURE_AUTORELEASING = YES;
				CLANG_WARN_BOOL_CONVERSION = YES;
				CLANG_WARN_COMMA = YES;
				CLANG_WARN_CONSTANT_CONVERSION = YES;
				CLANG_WARN_DEPRECATED_OBJC_IMPLEMENTATIONS = YES;
				CLANG_WARN_DIRECT_OBJC_ISA_USAGE = YES_ERROR;
				CLANG_WARN_DOCUMENTATION_COMMENTS = YES;
				CLANG_WARN_EMPTY_BODY = YES;
				CLANG_WARN_ENUM_CONVERSION = YES;
				CLANG_WARN_INFINITE_RECURSION = YES;
				CLANG_WARN_INT_CONVERSION = YES;
				CLANG_WARN_NON_LITERAL_NULL_CONVERSION = YES;
				CLANG_WARN_OBJC_IMPLICIT_RETAIN_SELF = YES;
				CLANG_WARN_OBJC_LITERAL_CONVERSION = YES;
				CLANG_WARN_OBJC_ROOT_CLASS = YES_ERROR;
				CLANG_WARN_QUOTED_INCLUDE_IN_FRAMEWORK_HEADER = YES;
				CLANG_WARN_RANGE_LOOP_ANALYSIS = YES;
				CLANG_WARN_STRICT_PROTOTYPES = YES;
				CLANG_WARN_SUSPICIOUS_MOVE = YES;
				CLANG_WARN_UNGUARDED_AVAILABILITY = YES_AGGRESSIVE;
				CLANG_WARN_UNREACHABLE_CODE = YES;
				CLANG_WARN__DUPLICATE_METHOD_MATCH = YES;
				COPY_PHASE_STRIP = NO;
				DEBUG_INFORMATION_FORMAT = dwarf;
				ENABLE_STRICT_OBJC_MSGSEND = YES;
				ENABLE_TESTABILITY = YES;
				ENABLE_USER_SCRIPT_SANDBOXING = YES;
				GCC_C_LANGUAGE_STANDARD = gnu17;
				GCC_DYNAMIC_NO_PIC = NO;
				GCC_NO_COMMON_BLOCKS = YES;
				GCC_OPTIMIZATION_LEVEL = 0;
				GCC_PREPROCESSOR_DEFINITIONS = (
					"DEBUG=1",
					"$(inherited)",
				);
				GCC_WARN_64_TO_32_BIT_CONVERSION = YES;
				GCC_WARN_ABOUT_RETURN_TYPE = YES_ERROR;
				GCC_WARN_UNDECLARED_SELECTOR = YES;
				GCC_WARN_UNINITIALIZED_AUTOS = YES_AGGRESSIVE;
				GCC_WARN_UNUSED_FUNCTION = YES;
				GCC_WARN_UNUSED_VARIABLE = YES;
				IPHONEOS_DEPLOYMENT_TARGET = 18.0;
				LOCALIZATION_PREFERS_STRING_CATALOGS = YES;
				MTL_ENABLE_DEBUG_INFO = INCLUDE_SOURCE;
				MTL_FAST_MATH = YES;
				ONLY_ACTIVE_ARCH = YES;
				SDKROOT = iphoneos;
				SWIFT_ACTIVE_COMPILATION_CONDITIONS = "DEBUG $(inherited)";
				SWIFT_OPTIMIZATION_LEVEL = "-Onone";
			};
			name = Debug;
		};
		E9FA94192C5EC8A100E9F5BD /* Release */ = {
			isa = XCBuildConfiguration;
			buildSettings = {
				ALWAYS_SEARCH_USER_PATHS = NO;
				ASSETCATALOG_COMPILER_GENERATE_SWIFT_ASSET_SYMBOL_EXTENSIONS = YES;
				CLANG_ANALYZER_NONNULL = YES;
				CLANG_ANALYZER_NUMBER_OBJECT_CONVERSION = YES_AGGRESSIVE;
				CLANG_CXX_LANGUAGE_STANDARD = "gnu++20";
				CLANG_ENABLE_MODULES = YES;
				CLANG_ENABLE_OBJC_ARC = YES;
				CLANG_ENABLE_OBJC_WEAK = YES;
				CLANG_WARN_BLOCK_CAPTURE_AUTORELEASING = YES;
				CLANG_WARN_BOOL_CONVERSION = YES;
				CLANG_WARN_COMMA = YES;
				CLANG_WARN_CONSTANT_CONVERSION = YES;
				CLANG_WARN_DEPRECATED_OBJC_IMPLEMENTATIONS = YES;
				CLANG_WARN_DIRECT_OBJC_ISA_USAGE = YES_ERROR;
				CLANG_WARN_DOCUMENTATION_COMMENTS = YES;
				CLANG_WARN_EMPTY_BODY = YES;
				CLANG_WARN_ENUM_CONVERSION = YES;
				CLANG_WARN_INFINITE_RECURSION = YES;
				CLANG_WARN_INT_CONVERSION = YES;
				CLANG_WARN_NON_LITERAL_NULL_CONVERSION = YES;
				CLANG_WARN_OBJC_IMPLICIT_RETAIN_SELF = YES;
				CLANG_WARN_OBJC_LITERAL_CONVERSION = YES;
				CLANG_WARN_OBJC_ROOT_CLASS = YES_ERROR;
				CLANG_WARN_QUOTED_INCLUDE_IN_FRAMEWORK_HEADER = YES;
				CLANG_WARN_RANGE_LOOP_ANALYSIS = YES;
				CLANG_WARN_STRICT_PROTOTYPES = YES;
				CLANG_WARN_SUSPICIOUS_MOVE = YES;
				CLANG_WARN_UNGUARDED_AVAILABILITY = YES_AGGRESSIVE;
				CLANG_WARN_UNREACHABLE_CODE = YES;
				CLANG_WARN__DUPLICATE_METHOD_MATCH = YES;
				COPY_PHASE_STRIP = NO;
				DEBUG_INFORMATION_FORMAT = "dwarf-with-dsym";
				ENABLE_NS_ASSERTIONS = NO;
				ENABLE_STRICT_OBJC_MSGSEND = YES;
				ENABLE_USER_SCRIPT_SANDBOXING = YES;
				GCC_C_LANGUAGE_STANDARD = gnu17;
				GCC_NO_COMMON_BLOCKS = YES;
				GCC_WARN_64_TO_32_BIT_CONVERSION = YES;
				GCC_WARN_ABOUT_RETURN_TYPE = YES_ERROR;
				GCC_WARN_UNDECLARED_SELECTOR = YES;
				GCC_WARN_UNINITIALIZED_AUTOS = YES_AGGRESSIVE;
				GCC_WARN_UNUSED_FUNCTION = YES;
				GCC_WARN_UNUSED_VARIABLE = YES;
				IPHONEOS_DEPLOYMENT_TARGET = 18.0;
				LOCALIZATION_PREFERS_STRING_CATALOGS = YES;
				MTL_ENABLE_DEBUG_INFO = NO;
				MTL_FAST_MATH = YES;
				SDKROOT = iphoneos;
				SWIFT_COMPILATION_MODE = wholemodule;
				VALIDATE_PRODUCT = YES;
			};
			name = Release;
		};
		E9FA941B2C5EC8A100E9F5BD /* Debug */ = {
			isa = XCBuildConfiguration;
			buildSettings = {
				ASSETCATALOG_COMPILER_APPICON_NAME = AppIcon;
				ASSETCATALOG_COMPILER_GLOBAL_ACCENT_COLOR_NAME = AccentColor;
				CODE_SIGN_STYLE = Automatic;
				CURRENT_PROJECT_VERSION = 1;
				DEVELOPMENT_ASSET_PATHS = "\"SwiftUISFSymbols/Preview Content\"";
				DEVELOPMENT_TEAM = HU43CL53AU;
				ENABLE_PREVIEWS = YES;
				GENERATE_INFOPLIST_FILE = YES;
				INFOPLIST_KEY_UIApplicationSceneManifest_Generation = YES;
				INFOPLIST_KEY_UIApplicationSupportsIndirectInputEvents = YES;
				INFOPLIST_KEY_UILaunchScreen_Generation = YES;
				INFOPLIST_KEY_UISupportedInterfaceOrientations_iPad = "UIInterfaceOrientationPortrait UIInterfaceOrientationPortraitUpsideDown UIInterfaceOrientationLandscapeLeft UIInterfaceOrientationLandscapeRight";
				INFOPLIST_KEY_UISupportedInterfaceOrientations_iPhone = "UIInterfaceOrientationPortrait UIInterfaceOrientationLandscapeLeft UIInterfaceOrientationLandscapeRight";
				LD_RUNPATH_SEARCH_PATHS = (
					"$(inherited)",
					"@executable_path/Frameworks",
				);
				MARKETING_VERSION = 1.0;
				PRODUCT_BUNDLE_IDENTIFIER = com.sf.symbols;
				PRODUCT_NAME = "$(TARGET_NAME)";
				SWIFT_EMIT_LOC_STRINGS = YES;
				SWIFT_VERSION = 5.0;
				TARGETED_DEVICE_FAMILY = "1,2";
			};
			name = Debug;
		};
		E9FA941C2C5EC8A100E9F5BD /* Release */ = {
			isa = XCBuildConfiguration;
			buildSettings = {
				ASSETCATALOG_COMPILER_APPICON_NAME = AppIcon;
				ASSETCATALOG_COMPILER_GLOBAL_ACCENT_COLOR_NAME = AccentColor;
				CODE_SIGN_STYLE = Automatic;
				CURRENT_PROJECT_VERSION = 1;
				DEVELOPMENT_ASSET_PATHS = "\"SwiftUISFSymbols/Preview Content\"";
				DEVELOPMENT_TEAM = HU43CL53AU;
				ENABLE_PREVIEWS = YES;
				GENERATE_INFOPLIST_FILE = YES;
				INFOPLIST_KEY_UIApplicationSceneManifest_Generation = YES;
				INFOPLIST_KEY_UIApplicationSupportsIndirectInputEvents = YES;
				INFOPLIST_KEY_UILaunchScreen_Generation = YES;
				INFOPLIST_KEY_UISupportedInterfaceOrientations_iPad = "UIInterfaceOrientationPortrait UIInterfaceOrientationPortraitUpsideDown UIInterfaceOrientationLandscapeLeft UIInterfaceOrientationLandscapeRight";
				INFOPLIST_KEY_UISupportedInterfaceOrientations_iPhone = "UIInterfaceOrientationPortrait UIInterfaceOrientationLandscapeLeft UIInterfaceOrientationLandscapeRight";
				LD_RUNPATH_SEARCH_PATHS = (
					"$(inherited)",
					"@executable_path/Frameworks",
				);
				MARKETING_VERSION = 1.0;
				PRODUCT_BUNDLE_IDENTIFIER = com.sf.symbols;
				PRODUCT_NAME = "$(TARGET_NAME)";
				SWIFT_EMIT_LOC_STRINGS = YES;
				SWIFT_VERSION = 5.0;
				TARGETED_DEVICE_FAMILY = "1,2";
			};
			name = Release;
		};
/* End XCBuildConfiguration section */

/* Begin XCConfigurationList section */
		E9FA94072C5EC89F00E9F5BD /* Build configuration list for PBXProject "SwiftUISFSymbols" */ = {
			isa = XCConfigurationList;
			buildConfigurations = (
				E9FA94182C5EC8A100E9F5BD /* Debug */,
				E9FA94192C5EC8A100E9F5BD /* Release */,
			);
			defaultConfigurationIsVisible = 0;
			defaultConfigurationName = Release;
		};
		E9FA941A2C5EC8A100E9F5BD /* Build configuration list for PBXNativeTarget "SwiftUISFSymbols" */ = {
			isa = XCConfigurationList;
			buildConfigurations = (
				E9FA941B2C5EC8A100E9F5BD /* Debug */,
				E9FA941C2C5EC8A100E9F5BD /* Release */,
			);
			defaultConfigurationIsVisible = 0;
			defaultConfigurationName = Release;
		};
/* End XCConfigurationList section */
	};
	rootObject = E9FA94042C5EC89F00E9F5BD /* Project object */;
}
